# @generated - this file is auto-generated by `mise lock` https://mise.jdx.dev/dev-tools/mise-lock.html

[[tools.antigravity-cli]]
version = "1.1.11"
backend = "aqua:google-antigravity/antigravity-cli"

[tools.antigravity-cli."platforms.linux-arm64"]
checksum = "sha256:f3a03713e3e3cc84477e115d3fd9de1c232386b09384ba8690df6fc0cb0abbf3"
url = "https://github.com/google-antigravity/antigravity-cli/releases/download/1.1.11/agy_cli_linux_arm64.tar.gz"
url_api = "https://api.github.com/repos/google-antigravity/antigravity-cli/releases/assets/504498874"

[tools.antigravity-cli."platforms.linux-arm64-musl"]
checksum = "sha256:f3a03713e3e3cc84477e115d3fd9de1c232386b09384ba8690df6fc0cb0abbf3"
url = "https://github.com/google-antigravity/antigravity-cli/releases/download/1.1.11/agy_cli_linux_arm64.tar.gz"
url_api = "https://api.github.com/repos/google-antigravity/antigravity-cli/releases/assets/504498874"

[tools.antigravity-cli."platforms.linux-x64"]
checksum = "sha256:caef1dd4c99c57dee1d1dec2b6c67726df535ea49ec71eabadd36daff8223d19"
url = "https://github.com/google-antigravity/antigravity-cli/releases/download/1.1.11/agy_cli_linux_x64.tar.gz"
url_api = "https://api.github.com/repos/google-antigravity/antigravity-cli/releases/assets/504498965"

[tools.antigravity-cli."platforms.linux-x64-baseline"]
checksum = "sha256:caef1dd4c99c57dee1d1dec2b6c67726df535ea49ec71eabadd36daff8223d19"
url = "https://github.com/google-antigravity/antigravity-cli/releases/download/1.1.11/agy_cli_linux_x64.tar.gz"
url_api = "https://api.github.com/repos/google-antigravity/antigravity-cli/releases/assets/504498965"

[tools.antigravity-cli."platforms.linux-x64-musl"]
checksum = "sha256:caef1dd4c99c57dee1d1dec2b6c67726df535ea49ec71eabadd36daff8223d19"
url = "https://github.com/google-antigravity/antigravity-cli/releases/download/1.1.11/agy_cli_linux_x64.tar.gz"
url_api = "https://api.github.com/repos/google-antigravity/antigravity-cli/releases/assets/504498965"

[tools.antigravity-cli."platforms.linux-x64-musl-baseline"]
checksum = "sha256:caef1dd4c99c57dee1d1dec2b6c67726df535ea49ec71eabadd36daff8223d19"
url = "https://github.com/google-antigravity/antigravity-cli/releases/download/1.1.11/agy_cli_linux_x64.tar.gz"
url_api = "https://api.github.com/repos/google-antigravity/antigravity-cli/releases/assets/504498965"

[tools.antigravity-cli."platforms.macos-arm64"]
checksum = "sha256:97cb909d30dbb2bf232d3d10e5dbc8bc008f0e7030400b515a182e490bdd6f08"
url = "https://github.com/google-antigravity/antigravity-cli/releases/download/1.1.11/agy_cli_mac_arm64.tar.gz"
url_api = "https://api.github.com/repos/google-antigravity/antigravity-cli/releases/assets/504499040"

[tools.antigravity-cli."platforms.macos-x64"]
checksum = "sha256:a63a189a59a0bd1aeb70236aca0754278f418a4ae6d8ef99c8e3616bfa7a3e73"
url = "https://github.com/google-antigravity/antigravity-cli/releases/download/1.1.11/agy_cli_mac_x64.tar.gz"
url_api = "https://api.github.com/repos/google-antigravity/antigravity-cli/releases/assets/504499142"

[tools.antigravity-cli."platforms.macos-x64-baseline"]
checksum = "sha256:a63a189a59a0bd1aeb70236aca0754278f418a4ae6d8ef99c8e3616bfa7a3e73"
url = "https://github.com/google-antigravity/antigravity-cli/releases/download/1.1.11/agy_cli_mac_x64.tar.gz"
url_api = "https://api.github.com/repos/google-antigravity/antigravity-cli/releases/assets/504499142"

[tools.antigravity-cli."platforms.windows-x64"]
checksum = "sha256:d03b782e4ec278fb7b8d2d12621f8cbd976ce96ff9bfcbd7bdaf2c15c9368709"
url = "https://github.com/google-antigravity/antigravity-cli/releases/download/1.1.11/agy_cli_windows_x64.zip"
url_api = "https://api.github.com/repos/google-antigravity/antigravity-cli/releases/assets/504499581"

[tools.antigravity-cli."platforms.windows-x64-baseline"]
checksum = "sha256:d03b782e4ec278fb7b8d2d12621f8cbd976ce96ff9bfcbd7bdaf2c15c9368709"
url = "https://github.com/google-antigravity/antigravity-cli/releases/download/1.1.11/agy_cli_windows_x64.zip"
url_api = "https://api.github.com/repos/google-antigravity/antigravity-cli/releases/assets/504499581"

[[tools.bun]]
version = "1.3.14"
backend = "core:bun"

[tools.bun."platforms.linux-arm64"]
checksum = "sha256:a27ffb63a8310375836e0d6f668ae17fa8d8d18b88c37c821c65331973a19a3b"
url = "https://github.com/oven-sh/bun/releases/download/bun-v1.3.14/bun-linux-aarch64.zip"

[tools.bun."platforms.linux-arm64-musl"]
checksum = "sha256:b98e0ad3625c5c00d1d5b5ff55605c7adddbfae151861e68ade57b2d3b8703bb"
url = "https://github.com/oven-sh/bun/releases/download/bun-v1.3.14/bun-linux-aarch64-musl.zip"

[tools.bun."platforms.linux-x64"]
checksum = "sha256:951ee2aee855f08595aeec6225226a298d3fea83a3dcd6465c09cbccdf7e848f"
url = "https://github.com/oven-sh/bun/releases/download/bun-v1.3.14/bun-linux-x64.zip"

[tools.bun."platforms.linux-x64-baseline"]
checksum = "sha256:a063908ae08b7852ca10939bbdc6ceed3ddabce8fb9402dce83d65d73b36e6c7"
url = "https://github.com/oven-sh/bun/releases/download/bun-v1.3.14/bun-linux-x64-baseline.zip"

[tools.bun."platforms.linux-x64-musl"]
checksum = "sha256:14bd9aedeebf1dba67e8def9531c89bc989ecfdf1de42e5bfcaf1b8cd9294719"
url = "https://github.com/oven-sh/bun/releases/download/bun-v1.3.14/bun-linux-x64-musl.zip"

[tools.bun."platforms.linux-x64-musl-baseline"]
checksum = "sha256:56a7d6806cf155536c0178f0ea5fbd098e684fa509ebdb4fc0a7e19fb65382dc"
url = "https://github.com/oven-sh/bun/releases/download/bun-v1.3.14/bun-linux-x64-musl-baseline.zip"

[tools.bun."platforms.macos-arm64"]
checksum = "sha256:d8b96221828ad6f97ac7ac0ab7e95872341af763001e8803e8267652c2652620"
url = "https://github.com/oven-sh/bun/releases/download/bun-v1.3.14/bun-darwin-aarch64.zip"

[tools.bun."platforms.macos-x64"]
checksum = "sha256:4183df3374623e5bab315c547cfa0974533cd457d86b73b639f7a87974cd6633"
url = "https://github.com/oven-sh/bun/releases/download/bun-v1.3.14/bun-darwin-x64.zip"

[tools.bun."platforms.macos-x64-baseline"]
checksum = "sha256:3e35ad6f53971a9834bf9e6786e2adf72b5f1921cc9a9c5fde073d2972944076"
url = "https://github.com/oven-sh/bun/releases/download/bun-v1.3.14/bun-darwin-x64-baseline.zip"

[tools.bun."platforms.windows-x64"]
checksum = "sha256:0a0620930b6675d7ba440e81f4e0e00d3cfbe096c4b140d3fff02205e9e18922"
url = "https://github.com/oven-sh/bun/releases/download/bun-v1.3.14/bun-windows-x64.zip"

[tools.bun."platforms.windows-x64-baseline"]
checksum = "sha256:538f9c846355d9e847b2671bc00c47da4229a0befb24df3282b739770f3b475f"
url = "https://github.com/oven-sh/bun/releases/download/bun-v1.3.14/bun-windows-x64-baseline.zip"

[[tools.claude-code]]
version = "2.1.224"
backend = "aqua:anthropics/claude-code"

[tools.claude-code."platforms.linux-arm64"]
url = "https://storage.googleapis.com/claude-code-dist-86c565f3-f756-42ad-8dfa-d59b1c096819/claude-code-releases/2.1.224/linux-arm64/claude"

[tools.claude-code."platforms.linux-arm64-musl"]
url = "https://storage.googleapis.com/claude-code-dist-86c565f3-f756-42ad-8dfa-d59b1c096819/claude-code-releases/2.1.224/linux-arm64-musl/claude"

[tools.claude-code."platforms.linux-x64"]
url = "https://storage.googleapis.com/claude-code-dist-86c565f3-f756-42ad-8dfa-d59b1c096819/claude-code-releases/2.1.224/linux-x64/claude"

[tools.claude-code."platforms.linux-x64-baseline"]
url = "https://storage.googleapis.com/claude-code-dist-86c565f3-f756-42ad-8dfa-d59b1c096819/claude-code-releases/2.1.224/linux-x64/claude"

[tools.claude-code."platforms.linux-x64-musl"]
url = "https://storage.googleapis.com/claude-code-dist-86c565f3-f756-42ad-8dfa-d59b1c096819/claude-code-releases/2.1.224/linux-x64-musl/claude"

[tools.claude-code."platforms.linux-x64-musl-baseline"]
url = "https://storage.googleapis.com/claude-code-dist-86c565f3-f756-42ad-8dfa-d59b1c096819/claude-code-releases/2.1.224/linux-x64-musl/claude"

[tools.claude-code."platforms.macos-arm64"]
checksum = "blake3:f7343fa2e79e998db47c9f158fe79906500b74a062de3c001c3e7da1e6f6aaa0"
url = "https://storage.googleapis.com/claude-code-dist-86c565f3-f756-42ad-8dfa-d59b1c096819/claude-code-releases/2.1.224/darwin-arm64/claude"

[tools.claude-code."platforms.macos-x64"]
url = "https://storage.googleapis.com/claude-code-dist-86c565f3-f756-42ad-8dfa-d59b1c096819/claude-code-releases/2.1.224/darwin-x64/claude"

[tools.claude-code."platforms.macos-x64-baseline"]
url = "https://storage.googleapis.com/claude-code-dist-86c565f3-f756-42ad-8dfa-d59b1c096819/claude-code-releases/2.1.224/darwin-x64/claude"

[[tools.codex]]
version = "0.146.1"
backend = "aqua:openai/codex"

[tools.codex."platforms.linux-arm64"]
checksum = "sha256:a72b2bd37dd69ece77f5584a418bc34ecfa4b28e769727134a1d604b4b2b8e5f"
url = "https://github.com/openai/codex/releases/download/rust-v0.146.1/codex-package-aarch64-unknown-linux-musl.tar.gz"
url_api = "https://api.github.com/repos/openai/codex/releases/assets/502807806"

[tools.codex."platforms.linux-arm64-musl"]
checksum = "sha256:a72b2bd37dd69ece77f5584a418bc34ecfa4b28e769727134a1d604b4b2b8e5f"
url = "https://github.com/openai/codex/releases/download/rust-v0.146.1/codex-package-aarch64-unknown-linux-musl.tar.gz"
url_api = "https://api.github.com/repos/openai/codex/releases/assets/502807806"

[tools.codex."platforms.linux-x64"]
checksum = "sha256:15d9b6aaa47ee02743266581f8ab96b6049e3a2a13a82fbd7920745ba9fc34cb"
url = "https://github.com/openai/codex/releases/download/rust-v0.146.1/codex-package-x86_64-unknown-linux-musl.tar.gz"
url_api = "https://api.github.com/repos/openai/codex/releases/assets/502807717"

[tools.codex."platforms.linux-x64-baseline"]
checksum = "sha256:15d9b6aaa47ee02743266581f8ab96b6049e3a2a13a82fbd7920745ba9fc34cb"
url = "https://github.com/openai/codex/releases/download/rust-v0.146.1/codex-package-x86_64-unknown-linux-musl.tar.gz"
url_api = "https://api.github.com/repos/openai/codex/releases/assets/502807717"

[tools.codex."platforms.linux-x64-musl"]
checksum = "sha256:15d9b6aaa47ee02743266581f8ab96b6049e3a2a13a82fbd7920745ba9fc34cb"
url = "https://github.com/openai/codex/releases/download/rust-v0.146.1/codex-package-x86_64-unknown-linux-musl.tar.gz"
url_api = "https://api.github.com/repos/openai/codex/releases/assets/502807717"

[tools.codex."platforms.linux-x64-musl-baseline"]
checksum = "sha256:15d9b6aaa47ee02743266581f8ab96b6049e3a2a13a82fbd7920745ba9fc34cb"
url = "https://github.com/openai/codex/releases/download/rust-v0.146.1/codex-package-x86_64-unknown-linux-musl.tar.gz"
url_api = "https://api.github.com/repos/openai/codex/releases/assets/502807717"

[tools.codex."platforms.macos-arm64"]
checksum = "sha256:a0be385972f38d02e81f9b40de1f842daf8354636fc295666b8630d2f6a5aec6"
url = "https://github.com/openai/codex/releases/download/rust-v0.146.1/codex-package-aarch64-apple-darwin.tar.gz"
url_api = "https://api.github.com/repos/openai/codex/releases/assets/502807854"

[tools.codex."platforms.macos-x64"]
checksum = "sha256:5b61e447baa14747e1ea6ad10ad8fca1f8ef0d5e11f53ca88a144bf52cf12e06"
url = "https://github.com/openai/codex/releases/download/rust-v0.146.1/codex-package-x86_64-apple-darwin.tar.gz"
url_api = "https://api.github.com/repos/openai/codex/releases/assets/502807781"

[tools.codex."platforms.macos-x64-baseline"]
checksum = "sha256:5b61e447baa14747e1ea6ad10ad8fca1f8ef0d5e11f53ca88a144bf52cf12e06"
url = "https://github.com/openai/codex/releases/download/rust-v0.146.1/codex-package-x86_64-apple-darwin.tar.gz"
url_api = "https://api.github.com/repos/openai/codex/releases/assets/502807781"

[tools.codex."platforms.windows-x64"]
checksum = "sha256:6b26524c4287564a2c6c3511e73dcd32ea3c8c0a994cc1caa731b63f7844c8b6"
url = "https://github.com/openai/codex/releases/download/rust-v0.146.1/codex-package-x86_64-pc-windows-msvc.tar.gz"
url_api = "https://api.github.com/repos/openai/codex/releases/assets/502807746"

[tools.codex."platforms.windows-x64-baseline"]
checksum = "sha256:6b26524c4287564a2c6c3511e73dcd32ea3c8c0a994cc1caa731b63f7844c8b6"
url = "https://github.com/openai/codex/releases/download/rust-v0.146.1/codex-package-x86_64-pc-windows-msvc.tar.gz"
url_api = "https://api.github.com/repos/openai/codex/releases/assets/502807746"

[[tools.node]]
version = "24.19.0"
backend = "core:node"

[tools.node."platforms.linux-arm64"]
checksum = "sha256:d28c8a5bf0a808f0ed434a1dce8c54ae98f0371c0bd86ac58abc613f73e6643f"
url = "https://nodejs.org/dist/v24.19.0/node-v24.19.0-linux-arm64.tar.gz"

[tools.node."platforms.linux-arm64-musl"]
checksum = "sha256:20824e4d35948fae5b337dccef47813b04d8995312f59df7386f2256d9f9ab7e"
url = "https://unofficial-builds.nodejs.org/download/release/v24.19.0/node-v24.19.0-linux-arm64-musl.tar.gz"

[tools.node."platforms.linux-x64"]
checksum = "sha256:f625d97cd707df4ff96254916fbc5ff014f09c09effe5a1e0ca8f6d41a8789d4"
url = "https://nodejs.org/dist/v24.19.0/node-v24.19.0-linux-x64.tar.gz"

[tools.node."platforms.linux-x64-baseline"]
checksum = "sha256:f625d97cd707df4ff96254916fbc5ff014f09c09effe5a1e0ca8f6d41a8789d4"
url = "https://nodejs.org/dist/v24.19.0/node-v24.19.0-linux-x64.tar.gz"

[tools.node."platforms.linux-x64-musl"]
checksum = "sha256:c60223786df14a5d23e220ebb8e60318f5322640a62f90e6d9e54d3a18da532e"
url = "https://unofficial-builds.nodejs.org/download/release/v24.19.0/node-v24.19.0-linux-x64-musl.tar.gz"

[tools.node."platforms.linux-x64-musl-baseline"]
checksum = "sha256:c60223786df14a5d23e220ebb8e60318f5322640a62f90e6d9e54d3a18da532e"
url = "https://unofficial-builds.nodejs.org/download/release/v24.19.0/node-v24.19.0-linux-x64-musl.tar.gz"

[tools.node."platforms.macos-arm64"]
checksum = "sha256:8294b7aa9b03997481c06babf1e8b270c859358f27da57a11509afe537ac381d"
url = "https://nodejs.org/dist/v24.19.0/node-v24.19.0-darwin-arm64.tar.gz"

[tools.node."platforms.macos-x64"]
checksum = "sha256:d1b5e999db158c62fe8f7267a4476b035d8bd93b1a605bac24a3f0dd166e3316"
url = "https://nodejs.org/dist/v24.19.0/node-v24.19.0-darwin-x64.tar.gz"

[tools.node."platforms.macos-x64-baseline"]
checksum = "sha256:d1b5e999db158c62fe8f7267a4476b035d8bd93b1a605bac24a3f0dd166e3316"
url = "https://nodejs.org/dist/v24.19.0/node-v24.19.0-darwin-x64.tar.gz"

[tools.node."platforms.windows-x64"]
checksum = "sha256:57f71ab3652e797d84acddc79c81cc9ff1c6ddb2a1974cdb83f00fee9bff4c73"
url = "https://nodejs.org/dist/v24.19.0/node-v24.19.0-win-x64.zip"

[tools.node."platforms.windows-x64-baseline"]
checksum = "sha256:57f71ab3652e797d84acddc79c81cc9ff1c6ddb2a1974cdb83f00fee9bff4c73"
url = "https://nodejs.org/dist/v24.19.0/node-v24.19.0-win-x64.zip"

[[tools.opencode]]
version = "1.18.15"
backend = "aqua:anomalyco/opencode"

[tools.opencode."platforms.linux-arm64"]
checksum = "sha256:500611819ff88916b185649990505a9be76ad13ca5bb4b9323e5abdd39b1c6fb"
url = "https://github.com/anomalyco/opencode/releases/download/v1.18.15/opencode-linux-arm64.tar.gz"
url_api = "https://api.github.com/repos/anomalyco/opencode/releases/assets/504765741"

[tools.opencode."platforms.linux-arm64-musl"]
checksum = "sha256:134d46c15c184ed9d5fce7c93423b4040dcdc8547f23fc425e6a7b51e166e18a"
url = "https://github.com/anomalyco/opencode/releases/download/v1.18.15/opencode-linux-arm64-musl.tar.gz"
url_api = "https://api.github.com/repos/anomalyco/opencode/releases/assets/504765653"

[tools.opencode."platforms.linux-x64"]
checksum = "sha256:d842e0e8c622c672a481b7dc6f0329009b64db96b2ba6041e56f4f93f0293b1c"
url = "https://github.com/anomalyco/opencode/releases/download/v1.18.15/opencode-linux-x64.tar.gz"
url_api = "https://api.github.com/repos/anomalyco/opencode/releases/assets/504765645"

[tools.opencode."platforms.linux-x64-baseline"]
checksum = "sha256:d842e0e8c622c672a481b7dc6f0329009b64db96b2ba6041e56f4f93f0293b1c"
url = "https://github.com/anomalyco/opencode/releases/download/v1.18.15/opencode-linux-x64.tar.gz"
url_api = "https://api.github.com/repos/anomalyco/opencode/releases/assets/504765645"

[tools.opencode."platforms.linux-x64-musl"]
checksum = "sha256:229db770e17f4e493bff8e516b2f191f4ea3430b35f5e6f458c94f4ce7edc01f"
url = "https://github.com/anomalyco/opencode/releases/download/v1.18.15/opencode-linux-x64-musl.tar.gz"
url_api = "https://api.github.com/repos/anomalyco/opencode/releases/assets/504765636"

[tools.opencode."platforms.linux-x64-musl-baseline"]
checksum = "sha256:229db770e17f4e493bff8e516b2f191f4ea3430b35f5e6f458c94f4ce7edc01f"
url = "https://github.com/anomalyco/opencode/releases/download/v1.18.15/opencode-linux-x64-musl.tar.gz"
url_api = "https://api.github.com/repos/anomalyco/opencode/releases/assets/504765636"

[tools.opencode."platforms.macos-arm64"]
checksum = "sha256:bd60b57cb9fe0494a5352c807424d36d6d7853cf6dbddb97065c7ccd3c5d391c"
url = "https://github.com/anomalyco/opencode/releases/download/v1.18.15/opencode-darwin-arm64.zip"
url_api = "https://api.github.com/repos/anomalyco/opencode/releases/assets/504765572"

[tools.opencode."platforms.macos-x64"]
checksum = "sha256:e97e8185e7b7942f6e14f51b8727dbe023b54772e075bc16fead813680455d17"
url = "https://github.com/anomalyco/opencode/releases/download/v1.18.15/opencode-darwin-x64.zip"
url_api = "https://api.github.com/repos/anomalyco/opencode/releases/assets/504765570"

[tools.opencode."platforms.macos-x64-baseline"]
checksum = "sha256:e97e8185e7b7942f6e14f51b8727dbe023b54772e075bc16fead813680455d17"
url = "https://github.com/anomalyco/opencode/releases/download/v1.18.15/opencode-darwin-x64.zip"
url_api = "https://api.github.com/repos/anomalyco/opencode/releases/assets/504765570"

[tools.opencode."platforms.windows-x64"]
checksum = "sha256:a80785874978ccbb93b7bfe4345f5aed41696f5ae76c109cd6dbbb934dbe795d"
url = "https://github.com/anomalyco/opencode/releases/download/v1.18.15/opencode-windows-x64.zip"
url_api = "https://api.github.com/repos/anomalyco/opencode/releases/assets/504769917"

[tools.opencode."platforms.windows-x64-baseline"]
checksum = "sha256:a80785874978ccbb93b7bfe4345f5aed41696f5ae76c109cd6dbbb934dbe795d"
url = "https://github.com/anomalyco/opencode/releases/download/v1.18.15/opencode-windows-x64.zip"
url_api = "https://api.github.com/repos/anomalyco/opencode/releases/assets/504769917"

[[tools.pnpm]]
version = "11.20.0"
backend = "aqua:pnpm/pnpm"

[tools.pnpm."platforms.linux-arm64"]
checksum = "sha256:f00fc2041bb41742b7943bf2bb24183ad20320e8384824a8031eb94edf2f57a5"
url = "https://github.com/pnpm/pnpm/releases/download/v11.20.0/pnpm-linux-arm64.tar.gz"
url_api = "https://api.github.com/repos/pnpm/pnpm/releases/assets/500142378"
provenance = "github-attestations"

[tools.pnpm."platforms.linux-arm64-musl"]
checksum = "sha256:2a21235d3f0fbfbcb9e530b9a98f2c64dcee95d1d5d1c2d04428255c7b85f32c"
url = "https://github.com/pnpm/pnpm/releases/download/v11.20.0/pnpm-linux-arm64-musl.tar.gz"
url_api = "https://api.github.com/repos/pnpm/pnpm/releases/assets/500142372"
provenance = "github-attestations"

[tools.pnpm."platforms.linux-x64"]
checksum = "sha256:b4ad6ad2b21db2f8cd50af416c3aa148ba704c31c84893f465a770a01c2c4572"
url = "https://github.com/pnpm/pnpm/releases/download/v11.20.0/pnpm-linux-x64.tar.gz"
url_api = "https://api.github.com/repos/pnpm/pnpm/releases/assets/500142376"
provenance = "github-attestations"

[tools.pnpm."platforms.linux-x64-baseline"]
checksum = "sha256:b4ad6ad2b21db2f8cd50af416c3aa148ba704c31c84893f465a770a01c2c4572"
url = "https://github.com/pnpm/pnpm/releases/download/v11.20.0/pnpm-linux-x64.tar.gz"
url_api = "https://api.github.com/repos/pnpm/pnpm/releases/assets/500142376"
provenance = "github-attestations"

[tools.pnpm."platforms.linux-x64-musl"]
checksum = "sha256:db046881c027f1a2d69e9a530a21a62c2bced4ba8ff437e7300426ae56951fe4"
url = "https://github.com/pnpm/pnpm/releases/download/v11.20.0/pnpm-linux-x64-musl.tar.gz"
url_api = "https://api.github.com/repos/pnpm/pnpm/releases/assets/500142377"
provenance = "github-attestations"

[tools.pnpm."platforms.linux-x64-musl-baseline"]
checksum = "sha256:db046881c027f1a2d69e9a530a21a62c2bced4ba8ff437e7300426ae56951fe4"
url = "https://github.com/pnpm/pnpm/releases/download/v11.20.0/pnpm-linux-x64-musl.tar.gz"
url_api = "https://api.github.com/repos/pnpm/pnpm/releases/assets/500142377"
provenance = "github-attestations"

[tools.pnpm."platforms.macos-arm64"]
checksum = "sha256:4bc97fea72e5c92eec1fefc8d410c35d01e0d0d52f3160c59f38c32db58b5cd2"
url = "https://github.com/pnpm/pnpm/releases/download/v11.20.0/pnpm-darwin-arm64.tar.gz"
url_api = "https://api.github.com/repos/pnpm/pnpm/releases/assets/500142373"
provenance = "github-attestations"

[tools.pnpm."platforms.windows-x64"]
checksum = "sha256:ea2528bdc3d96a1ff3c35587dc48ca692b39d77f08f26df4adeaaa9eb427024e"
url = "https://github.com/pnpm/pnpm/releases/download/v11.20.0/pnpm-win32-x64.zip"
url_api = "https://api.github.com/repos/pnpm/pnpm/releases/assets/500142371"
provenance = "github-attestations"

[tools.pnpm."platforms.windows-x64-baseline"]
checksum = "sha256:ea2528bdc3d96a1ff3c35587dc48ca692b39d77f08f26df4adeaaa9eb427024e"
url = "https://github.com/pnpm/pnpm/releases/download/v11.20.0/pnpm-win32-x64.zip"
url_api = "https://api.github.com/repos/pnpm/pnpm/releases/assets/500142371"
provenance = "github-attestations"

[[tools.python]]
version = "3.13.15"
backend = "core:python"

[tools.python."platforms.linux-arm64"]
checksum = "sha256:1dfc9565c26f8892a33202b5966bdf9ff45c56a57b06e8fa65fecf05030afe5b"
url = "https://github.com/astral-sh/python-build-standalone/releases/download/20260807/cpython-3.13.15+20260807-aarch64-unknown-linux-gnu-install_only_stripped.tar.gz"
provenance = "github-attestations"

[tools.python."platforms.linux-arm64-musl"]
checksum = "sha256:05e5f536da0990e707545631b2b871e2a590d773771fbab24f663d72d43f9e6e"
url = "https://github.com/astral-sh/python-build-standalone/releases/download/20260807/cpython-3.13.15+20260807-aarch64-unknown-linux-musl-install_only_stripped.tar.gz"
provenance = "github-attestations"

[tools.python."platforms.linux-x64"]
checksum = "sha256:faae10a9faa9bec06da009ac69326cc1d9691dc138fec6a1b69159dff1781f35"
url = "https://github.com/astral-sh/python-build-standalone/releases/download/20260807/cpython-3.13.15+20260807-x86_64-unknown-linux-gnu-install_only_stripped.tar.gz"
provenance = "github-attestations"

[tools.python."platforms.linux-x64-baseline"]
checksum = "sha256:faae10a9faa9bec06da009ac69326cc1d9691dc138fec6a1b69159dff1781f35"
url = "https://github.com/astral-sh/python-build-standalone/releases/download/20260807/cpython-3.13.15+20260807-x86_64-unknown-linux-gnu-install_only_stripped.tar.gz"
provenance = "github-attestations"

[tools.python."platforms.linux-x64-musl"]
checksum = "sha256:00613f7203052c2605f0a8f8f837d5858771f663bdadf3c17d51f40aabf280f3"
url = "https://github.com/astral-sh/python-build-standalone/releases/download/20260807/cpython-3.13.15+20260807-x86_64-unknown-linux-musl-install_only_stripped.tar.gz"
provenance = "github-attestations"

[tools.python."platforms.linux-x64-musl-baseline"]
checksum = "sha256:00613f7203052c2605f0a8f8f837d5858771f663bdadf3c17d51f40aabf280f3"
url = "https://github.com/astral-sh/python-build-standalone/releases/download/20260807/cpython-3.13.15+20260807-x86_64-unknown-linux-musl-install_only_stripped.tar.gz"
provenance = "github-attestations"

[tools.python."platforms.macos-arm64"]
checksum = "sha256:dbadb0ffe46f8bace50daaf8a0c5fc6903c003690776da9eb5269e33c856bb53"
url = "https://github.com/astral-sh/python-build-standalone/releases/download/20260807/cpython-3.13.15+20260807-aarch64-apple-darwin-install_only_stripped.tar.gz"
provenance = "github-attestations"

[tools.python."platforms.macos-x64"]
checksum = "sha256:187eed2282e9c3a5b6b14953d564ee25a9f35cf2c209c9fa292186ee48b0e4a1"
url = "https://github.com/astral-sh/python-build-standalone/releases/download/20260807/cpython-3.13.15+20260807-x86_64-apple-darwin-install_only_stripped.tar.gz"
provenance = "github-attestations"

[tools.python."platforms.macos-x64-baseline"]
checksum = "sha256:187eed2282e9c3a5b6b14953d564ee25a9f35cf2c209c9fa292186ee48b0e4a1"
url = "https://github.com/astral-sh/python-build-standalone/releases/download/20260807/cpython-3.13.15+20260807-x86_64-apple-darwin-install_only_stripped.tar.gz"
provenance = "github-attestations"

[tools.python."platforms.windows-x64"]
checksum = "sha256:44bf9ae71f4b45e3ba3104ae331c6eff3f7002593c26fd12453eb9310c4f259a"
url = "https://github.com/astral-sh/python-build-standalone/releases/download/20260807/cpython-3.13.15+20260807-x86_64-pc-windows-msvc-install_only_stripped.tar.gz"
provenance = "github-attestations"

[tools.python."platforms.windows-x64-baseline"]
checksum = "sha256:44bf9ae71f4b45e3ba3104ae331c6eff3f7002593c26fd12453eb9310c4f259a"
url = "https://github.com/astral-sh/python-build-standalone/releases/download/20260807/cpython-3.13.15+20260807-x86_64-pc-windows-msvc-install_only_stripped.tar.gz"
provenance = "github-attestations"
